{
  "name": "mern-boilerplate",
  "version": "1.0.0",
  "lockfileVersion": 2,
  "requires": true,
  "packages": {
    "": {
      "name": "mern-boilerplate",
      "version": "1.0.0",
      "license": "MIT",
      "dependencies": {
        "@fluentui/react": "^8.107.0"
      },
      "devDependencies": {}
    },
    "node_modules/@fluentui/date-time-utilities": {
      "version": "8.5.6",
      "resolved": "https://registry.npmjs.org/@fluentui/date-time-utilities/-/date-time-utilities-8.5.6.tgz",
      "integrity": "sha512-BS5EgnB5GFLg4p84GWqCjt6Pbnjnz0RZA94FAfVOYoqHcnjLURZ1BkQuorGdwS7ipaE4AVgNaQsPq90PsAfuXw==",
      "dependencies": {
        "@fluentui/set-version": "^8.2.6",
        "tslib": "^2.1.0"
      }
    },
    "node_modules/@fluentui/dom-utilities": {
      "version": "2.2.6",
      "resolved": "https://registry.npmjs.org/@fluentui/dom-utilities/-/dom-utilities-2.2.6.tgz",
      "integrity": "sha512-yJOEiFj/TfR307hzZn15kNocC0P3j2BltrAJznhgXywMKJhIczATFTfj2len7YMHxLttnR5yDz/oYpyBLSk4rw==",
      "dependencies": {
        "@fluentui/set-version": "^8.2.6",
        "tslib": "^2.1.0"
      }
    },
    "node_modules/@fluentui/font-icons-mdl2": {
      "version": "8.5.13",
      "resolved": "https://registry.npmjs.org/@fluentui/font-icons-mdl2/-/font-icons-mdl2-8.5.13.tgz",
      "integrity": "sha512-3JjYN7lJZefpBdNPoQRFOiNpyVw+BOGynMkmYglnGjEWlg3uodawNi9lnKBODXCy31OHh900n9pAPFyNpdCbBg==",
      "dependencies": {
        "@fluentui/set-version": "^8.2.6",
        "@fluentui/style-utilities": "^8.9.6",
        "@fluentui/utilities": "^8.13.9",
        "tslib": "^2.1.0"
      }
    },
    "node_modules/@fluentui/foundation-legacy": {
      "version": "8.2.33",
      "resolved": "https://registry.npmjs.org/@fluentui/foundation-legacy/-/foundation-legacy-8.2.33.tgz",
      "integrity": "sha512-Z1Nl1hmyICAjTwaU2fvIGenzczRfyf0P3oaRniwac4gAa5MidE6QlpAkEcwCka2QEG/qUjcx/cMacDGLN/Dd0A==",
      "dependencies": {
        "@fluentui/merge-styles": "^8.5.7",
        "@fluentui/set-version": "^8.2.6",
        "@fluentui/style-utilities": "^8.9.6",
        "@fluentui/utilities": "^8.13.9",
        "tslib": "^2.1.0"
      },
      "peerDependencies": {
        "@types/react": ">=16.8.0 <19.0.0",
        "react": ">=16.8.0 <19.0.0"
      }
    },
    "node_modules/@fluentui/keyboard-key": {
      "version": "0.4.6",
      "resolved": "https://registry.npmjs.org/@fluentui/keyboard-key/-/keyboard-key-0.4.6.tgz",
      "integrity": "sha512-p59zLGs3ucDPc7ZVaPxVCaQsfNwERDt3n+yLE0w/FFBlPWJcOSkiZHIieMhqk5ur5YGzbgs9WppPrtxNga23fw==",
      "dependencies": {
        "tslib": "^2.1.0"
      }
    },
    "node_modules/@fluentui/merge-styles": {
      "version": "8.5.7",
      "resolved": "https://registry.npmjs.org/@fluentui/merge-styles/-/merge-styles-8.5.7.tgz",
      "integrity": "sha512-t/mOQTigj51n7z6VPZ1nlb9getkzoLVhN0aUbOJUSD5qvu0gZqSBh7Y9xIP6QeYWF4q6wcZhEggo8HOgYqaWQw==",
      "dependencies": {
        "@fluentui/set-version": "^8.2.6",
        "tslib": "^2.1.0"
      }
    },
    "node_modules/@fluentui/react": {
      "version": "8.107.0",
      "resolved": "https://registry.npmjs.org/@fluentui/react/-/react-8.107.0.tgz",
      "integrity": "sha512-UaMt2Fl5n+BPJTML/EKCccoonccTdNPmuvSnAYnLJv3LuLNxoSyIKa6UBcBUUcWuBu5q2JaUIpBuj0omXXjcmQ==",
      "dependencies": {
        "@fluentui/date-time-utilities": "^8.5.6",
        "@fluentui/font-icons-mdl2": "^8.5.13",
        "@fluentui/foundation-legacy": "^8.2.33",
        "@fluentui/merge-styles": "^8.5.7",
        "@fluentui/react-focus": "^8.8.19",
        "@fluentui/react-hooks": "^8.6.20",
        "@fluentui/react-portal-compat-context": "^9.0.5",
        "@fluentui/react-window-provider": "^2.2.9",
        "@fluentui/set-version": "^8.2.6",
        "@fluentui/style-utilities": "^8.9.6",
        "@fluentui/theme": "^2.6.25",
        "@fluentui/utilities": "^8.13.9",
        "@microsoft/load-themed-styles": "^1.10.26",
        "tslib": "^2.1.0"
      },
      "peerDependencies": {
        "@types/react": ">=16.8.0 <19.0.0",
        "@types/react-dom": ">=16.8.0 <19.0.0",
        "react": ">=16.8.0 <19.0.0",
        "react-dom": ">=16.8.0 <19.0.0"
      }
    },
    "node_modules/@fluentui/react-focus": {
      "version": "8.8.19",
      "resolved": "https://registry.npmjs.org/@fluentui/react-focus/-/react-focus-8.8.19.tgz",
      "integrity": "sha512-Gswx0aOazRVFJONmcsj5o6SI/ebWQeZyBAlOsdFeSUuK38aRlVy4DbwVQ+5tQ675u3wmf/+Ln2a0xCixOAVvWg==",
      "dependencies": {
        "@fluentui/keyboard-key": "^0.4.6",
        "@fluentui/merge-styles": "^8.5.7",
        "@fluentui/set-version": "^8.2.6",
        "@fluentui/style-utilities": "^8.9.6",
        "@fluentui/utilities": "^8.13.9",
        "tslib": "^2.1.0"
      },
      "peerDependencies": {
        "@types/react": ">=16.8.0 <19.0.0",
        "react": ">=16.8.0 <19.0.0"
      }
    },
    "node_modules/@fluentui/react-hooks": {
      "version": "8.6.20",
      "resolved": "https://registry.npmjs.org/@fluentui/react-hooks/-/react-hooks-8.6.20.tgz",
      "integrity": "sha512-vb90tgc0nGWvahE2zuPPtEpknIfAA0ABq7/ro7+CAcKgDx2sleGZKRGdzKXdYS026OxjQ8TN2K7/D3OI1v4Rjg==",
      "dependencies": {
        "@fluentui/react-window-provider": "^2.2.9",
        "@fluentui/set-version": "^8.2.6",
        "@fluentui/utilities": "^8.13.9",
        "tslib": "^2.1.0"
      },
      "peerDependencies": {
        "@types/react": ">=16.8.0 <19.0.0",
        "react": ">=16.8.0 <19.0.0"
      }
    },
    "node_modules/@fluentui/react-portal-compat-context": {
      "version": "9.0.5",
      "resolved": "https://registry.npmjs.org/@fluentui/react-portal-compat-context/-/react-portal-compat-context-9.0.5.tgz",
      "integrity": "sha512-vgGvv74jPi/salcxv37TCm06lOFn44CfNLX5wZw5HQIe9LYGUw/J7vkaniwNIzmQZsn62Y+fVxDS6Sq5S823tA==",
      "dependencies": {
        "@swc/helpers": "^0.4.14"
      },
      "peerDependencies": {
        "@types/react": ">=16.8.0 <19.0.0",
        "react": ">=16.8.0 <19.0.0"
      }
    },
    "node_modules/@fluentui/react-window-provider": {
      "version": "2.2.9",
      "resolved": "https://registry.npmjs.org/@fluentui/react-window-provider/-/react-window-provider-2.2.9.tgz",
      "integrity": "sha512-BRa23ITjwUgewS9ynzCnW2bJIgaNHwhPUY0htLKcYSSv3fG7iib91B6FVC7QqmXDBTia00kqVul1TZz5G0qrlQ==",
      "dependencies": {
        "@fluentui/set-version": "^8.2.6",
        "tslib": "^2.1.0"
      },
      "peerDependencies": {
        "@types/react": ">=16.8.0 <19.0.0",
        "react": ">=16.8.0 <19.0.0"
      }
    },
    "node_modules/@fluentui/set-version": {
      "version": "8.2.6",
      "resolved": "https://registry.npmjs.org/@fluentui/set-version/-/set-version-8.2.6.tgz",
      "integrity": "sha512-zXIfscQ1ZAiEpHc5taMrDEtTP2NtPBGlz2HbOpZiQ3aj/xcnUT7nT73ctb+Q2bHIqlDCHEaFRQxy/HG6koGYAA==",
      "dependencies": {
        "tslib": "^2.1.0"
      }
    },
    "node_modules/@fluentui/style-utilities": {
      "version": "8.9.6",
      "resolved": "https://registry.npmjs.org/@fluentui/style-utilities/-/style-utilities-8.9.6.tgz",
      "integrity": "sha512-glhexQzJNnLws66Tb7a0WPStYVE1tRy0QWwbtOdIRXsd/3CA1FZse76itss8/yqGakPin2PElkej/jTKpaRWew==",
      "dependencies": {
        "@fluentui/merge-styles": "^8.5.7",
        "@fluentui/set-version": "^8.2.6",
        "@fluentui/theme": "^2.6.25",
        "@fluentui/utilities": "^8.13.9",
        "@microsoft/load-themed-styles": "^1.10.26",
        "tslib": "^2.1.0"
      }
    },
    "node_modules/@fluentui/theme": {
      "version": "2.6.25",
      "resolved": "https://registry.npmjs.org/@fluentui/theme/-/theme-2.6.25.tgz",
      "integrity": "sha512-slp+Tk+FEDj6HtZNWzckEMPLZMYfe2bECz4hLj/aq2ok51f2ztVTM8rjjmiJjOAidcTirF/gdYVbayc/5MOKag==",
      "dependencies": {
        "@fluentui/merge-styles": "^8.5.7",
        "@fluentui/set-version": "^8.2.6",
        "@fluentui/utilities": "^8.13.9",
        "tslib": "^2.1.0"
      },
      "peerDependencies": {
        "@types/react": ">=16.8.0 <19.0.0",
        "react": ">=16.8.0 <19.0.0"
      }
    },
    "node_modules/@fluentui/utilities": {
      "version": "8.13.9",
      "resolved": "https://registry.npmjs.org/@fluentui/utilities/-/utilities-8.13.9.tgz",
      "integrity": "sha512-8SkDFN+v3FZ2DNQtnRHnUxkY2tVQo6ojHVPWsR5WAbfKDAdlDUWxf5bM+U/8d4E4v49x4HpKY1fqsrx3hLAhyA==",
      "dependencies": {
        "@fluentui/dom-utilities": "^2.2.6",
        "@fluentui/merge-styles": "^8.5.7",
        "@fluentui/set-version": "^8.2.6",
        "tslib": "^2.1.0"
      },
      "peerDependencies": {
        "@types/react": ">=16.8.0 <19.0.0",
        "react": ">=16.8.0 <19.0.0"
      }
    },
    "node_modules/@microsoft/load-themed-styles": {
      "version": "1.10.295",
      "resolved": "https://registry.npmjs.org/@microsoft/load-themed-styles/-/load-themed-styles-1.10.295.tgz",
      "integrity": "sha512-W+IzEBw8a6LOOfRJM02dTT7BDZijxm+Z7lhtOAz1+y9vQm1Kdz9jlAO+qCEKsfxtUOmKilW8DIRqFw2aUgKeGg=="
    },
    "node_modules/@swc/helpers": {
      "version": "0.4.14",
      "resolved": "https://registry.npmjs.org/@swc/helpers/-/helpers-0.4.14.tgz",
      "integrity": "sha512-4C7nX/dvpzB7za4Ql9K81xK3HPxCpHMgwTZVyf+9JQ6VUbn9jjZVN7/Nkdz/Ugzs2CSjqnL/UPXroiVBVHUWUw==",
      "dependencies": {
        "tslib": "^2.4.0"
      }
    },
    "node_modules/@types/prop-types": {
      "version": "15.7.5",
      "resolved": "https://registry.npmjs.org/@types/prop-types/-/prop-types-15.7.5.tgz",
      "integrity": "sha512-JCB8C6SnDoQf0cNycqd/35A7MjcnK+ZTqE7judS6o7utxUCg6imJg3QK2qzHKszlTjcj2cn+NwMB2i96ubpj7w==",
      "peer": true
    },
    "node_modules/@types/react": {
      "version": "18.0.31",
      "resolved": "https://registry.npmjs.org/@types/react/-/react-18.0.31.tgz",
      "integrity": "sha512-EEG67of7DsvRDU6BLLI0p+k1GojDLz9+lZsnCpCRTa/lOokvyPBvp8S5x+A24hME3yyQuIipcP70KJ6H7Qupww==",
      "peer": true,
      "dependencies": {
        "@types/prop-types": "*",
        "@types/scheduler": "*",
        "csstype": "^3.0.2"
      }
    },
    "node_modules/@types/react-dom": {
      "version": "18.0.11",
      "resolved": "https://registry.npmjs.org/@types/react-dom/-/react-dom-18.0.11.tgz",
      "integrity": "sha512-O38bPbI2CWtgw/OoQoY+BRelw7uysmXbWvw3nLWO21H1HSh+GOlqPuXshJfjmpNlKiiSDG9cc1JZAaMmVdcTlw==",
      "peer": true,
      "dependencies": {
        "@types/react": "*"
      }
    },
    "node_modules/@types/scheduler": {
      "version": "0.16.3",
      "resolved": "https://registry.npmjs.org/@types/scheduler/-/scheduler-0.16.3.tgz",
      "integrity": "sha512-5cJ8CB4yAx7BH1oMvdU0Jh9lrEXyPkar6F9G/ERswkCuvP4KQZfZkSjcMbAICCpQTN4OuZn8tz0HiKv9TGZgrQ==",
      "peer": true
    },
    "node_modules/csstype": {
      "version": "3.1.1",
      "resolved": "https://registry.npmjs.org/csstype/-/csstype-3.1.1.tgz",
      "integrity": "sha512-DJR/VvkAvSZW9bTouZue2sSxDwdTN92uHjqeKVm+0dAqdfNykRzQ95tay8aXMBAAPpUiq4Qcug2L7neoRh2Egw==",
      "peer": true
    },
    "node_modules/js-tokens": {
      "version": "4.0.0",
      "resolved": "https://registry.npmjs.org/js-tokens/-/js-tokens-4.0.0.tgz",
      "integrity": "sha512-RdJUflcE3cUzKiMqQgsCu06FPu9UdIJO0beYbPhHN4k6apgJtifcoCtT9bcxOpYBtpD2kCM6Sbzg4CausW/PKQ==",
      "peer": true
    },
    "node_modules/loose-envify": {
      "version": "1.4.0",
      "resolved": "https://registry.npmjs.org/loose-envify/-/loose-envify-1.4.0.tgz",
      "integrity": "sha512-lyuxPGr/Wfhrlem2CL/UcnUc1zcqKAImBDzukY7Y5F/yQiNdko6+fRLevlw1HgMySw7f611UIY408EtxRSoK3Q==",
      "peer": true,
      "dependencies": {
        "js-tokens": "^3.0.0 || ^4.0.0"
      },
      "bin": {
        "loose-envify": "cli.js"
      }
    },
    "node_modules/react": {
      "version": "18.2.0",
      "resolved": "https://registry.npmjs.org/react/-/react-18.2.0.tgz",
      "integrity": "sha512-/3IjMdb2L9QbBdWiW5e3P2/npwMBaU9mHCSCUzNln0ZCYbcfTsGbTJrU/kGemdH2IWmB2ioZ+zkxtmq6g09fGQ==",
      "peer": true,
      "dependencies": {
        "loose-envify": "^1.1.0"
      },
      "engines": {
        "node": ">=0.10.0"
      }
    },
    "node_modules/react-dom": {
      "version": "18.2.0",
      "resolved": "https://registry.npmjs.org/react-dom/-/react-dom-18.2.0.tgz",
      "integrity": "sha512-6IMTriUmvsjHUjNtEDudZfuDQUoWXVxKHhlEGSk81n4YFS+r/Kl99wXiwlVXtPBtJenozv2P+hxDsw9eA7Xo6g==",
      "peer": true,
      "dependencies": {
        "loose-envify": "^1.1.0",
        "scheduler": "^0.23.0"
      },
      "peerDependencies": {
        "react": "^18.2.0"
      }
    },
    "node_modules/scheduler": {
      "version": "0.23.0",
      "resolved": "https://registry.npmjs.org/scheduler/-/scheduler-0.23.0.tgz",
      "integrity": "sha512-CtuThmgHNg7zIZWAXi3AsyIzA3n4xx7aNyjwC2VJldO2LMVDhFK+63xGqq6CsJH4rTAt6/M+N4GhZiDYPx9eUw==",
      "peer": true,
      "dependencies": {
        "loose-envify": "^1.1.0"
      }
    },
    "node_modules/tslib": {
      "version": "2.5.0",
      "resolved": "https://registry.npmjs.org/tslib/-/tslib-2.5.0.tgz",
      "integrity": "sha512-336iVw3rtn2BUK7ORdIAHTyxHGRIHVReokCR3XjbckJMK7ms8FysBfhLR8IXnAgy7T0PTPNBWKiH514FOW/WSg=="
    }
  },
  "dependencies": {
    "@fluentui/date-time-utilities": {
      "version": "8.5.6",
      "resolved": "https://registry.npmjs.org/@fluentui/date-time-utilities/-/date-time-utilities-8.5.6.tgz",
      "integrity": "sha512-BS5EgnB5GFLg4p84GWqCjt6Pbnjnz0RZA94FAfVOYoqHcnjLURZ1BkQuorGdwS7ipaE4AVgNaQsPq90PsAfuXw==",
      "requires": {
        "@fluentui/set-version": "^8.2.6",
        "tslib": "^2.1.0"
      }
    },
    "@fluentui/dom-utilities": {
      "version": "2.2.6",
      "resolved": "https://registry.npmjs.org/@fluentui/dom-utilities/-/dom-utilities-2.2.6.tgz",
      "integrity": "sha512-yJOEiFj/TfR307hzZn15kNocC0P3j2BltrAJznhgXywMKJhIczATFTfj2len7YMHxLttnR5yDz/oYpyBLSk4rw==",
      "requires": {
        "@fluentui/set-version": "^8.2.6",
        "tslib": "^2.1.0"
      }
    },
    "@fluentui/font-icons-mdl2": {
      "version": "8.5.13",
      "resolved": "https://registry.npmjs.org/@fluentui/font-icons-mdl2/-/font-icons-mdl2-8.5.13.tgz",
      "integrity": "sha512-3JjYN7lJZefpBdNPoQRFOiNpyVw+BOGynMkmYglnGjEWlg3uodawNi9lnKBODXCy31OHh900n9pAPFyNpdCbBg==",
      "requires": {
        "@fluentui/set-version": "^8.2.6",
        "@fluentui/style-utilities": "^8.9.6",
        "@fluentui/utilities": "^8.13.9",
        "tslib": "^2.1.0"
      }
    },
    "@fluentui/foundation-legacy": {
      "version": "8.2.33",
      "resolved": "https://registry.npmjs.org/@fluentui/foundation-legacy/-/foundation-legacy-8.2.33.tgz",
      "integrity": "sha512-Z1Nl1hmyICAjTwaU2fvIGenzczRfyf0P3oaRniwac4gAa5MidE6QlpAkEcwCka2QEG/qUjcx/cMacDGLN/Dd0A==",
      "requires": {
        "@fluentui/merge-styles": "^8.5.7",
        "@fluentui/set-version": "^8.2.6",
        "@fluentui/style-utilities": "^8.9.6",
        "@fluentui/utilities": "^8.13.9",
        "tslib": "^2.1.0"
      }
    },
    "@fluentui/keyboard-key": {
      "version": "0.4.6",
      "resolved": "https://registry.npmjs.org/@fluentui/keyboard-key/-/keyboard-key-0.4.6.tgz",
      "integrity": "sha512-p59zLGs3ucDPc7ZVaPxVCaQsfNwERDt3n+yLE0w/FFBlPWJcOSkiZHIieMhqk5ur5YGzbgs9WppPrtxNga23fw==",
      "requires": {
        "tslib": "^2.1.0"
      }
    },
    "@fluentui/merge-styles": {
      "version": "8.5.7",
      "resolved": "https://registry.npmjs.org/@fluentui/merge-styles/-/merge-styles-8.5.7.tgz",
      "integrity": "sha512-t/mOQTigj51n7z6VPZ1nlb9getkzoLVhN0aUbOJUSD5qvu0gZqSBh7Y9xIP6QeYWF4q6wcZhEggo8HOgYqaWQw==",
      "requires": {
        "@fluentui/set-version": "^8.2.6",
        "tslib": "^2.1.0"
      }
    },
    "@fluentui/react": {
      "version": "8.107.0",
      "resolved": "https://registry.npmjs.org/@fluentui/react/-/react-8.107.0.tgz",
      "integrity": "sha512-UaMt2Fl5n+BPJTML/EKCccoonccTdNPmuvSnAYnLJv3LuLNxoSyIKa6UBcBUUcWuBu5q2JaUIpBuj0omXXjcmQ==",
      "requires": {
        "@fluentui/date-time-utilities": "^8.5.6",
        "@fluentui/font-icons-mdl2": "^8.5.13",
        "@fluentui/foundation-legacy": "^8.2.33",
        "@fluentui/merge-styles": "^8.5.7",
        "@fluentui/react-focus": "^8.8.19",
        "@fluentui/react-hooks": "^8.6.20",
        "@fluentui/react-portal-compat-context": "^9.0.5",
        "@fluentui/react-window-provider": "^2.2.9",
        "@fluentui/set-version": "^8.2.6",
        "@fluentui/style-utilities": "^8.9.6",
        "@fluentui/theme": "^2.6.25",
        "@fluentui/utilities": "^8.13.9",
        "@microsoft/load-themed-styles": "^1.10.26",
        "tslib": "^2.1.0"
      }
    },
    "@fluentui/react-focus": {
      "version": "8.8.19",
      "resolved": "https://registry.npmjs.org/@fluentui/react-focus/-/react-focus-8.8.19.tgz",
      "integrity": "sha512-Gswx0aOazRVFJONmcsj5o6SI/ebWQeZyBAlOsdFeSUuK38aRlVy4DbwVQ+5tQ675u3wmf/+Ln2a0xCixOAVvWg==",
      "requires": {
        "@fluentui/keyboard-key": "^0.4.6",
        "@fluentui/merge-styles": "^8.5.7",
        "@fluentui/set-version": "^8.2.6",
        "@fluentui/style-utilities": "^8.9.6",
        "@fluentui/utilities": "^8.13.9",
        "tslib": "^2.1.0"
      }
    },
    "@fluentui/react-hooks": {
      "version": "8.6.20",
      "resolved": "https://registry.npmjs.org/@fluentui/react-hooks/-/react-hooks-8.6.20.tgz",
      "integrity": "sha512-vb90tgc0nGWvahE2zuPPtEpknIfAA0ABq7/ro7+CAcKgDx2sleGZKRGdzKXdYS026OxjQ8TN2K7/D3OI1v4Rjg==",
      "requires": {
        "@fluentui/react-window-provider": "^2.2.9",
        "@fluentui/set-version": "^8.2.6",
        "@fluentui/utilities": "^8.13.9",
        "tslib": "^2.1.0"
      }
    },
    "@fluentui/react-portal-compat-context": {
      "version": "9.0.5",
      "resolved": "https://registry.npmjs.org/@fluentui/react-portal-compat-context/-/react-portal-compat-context-9.0.5.tgz",
      "integrity": "sha512-vgGvv74jPi/salcxv37TCm06lOFn44CfNLX5wZw5HQIe9LYGUw/J7vkaniwNIzmQZsn62Y+fVxDS6Sq5S823tA==",
      "requires": {
        "@swc/helpers": "^0.4.14"
      }
    },
    "@fluentui/react-window-provider": {
      "version": "2.2.9",
      "resolved": "https://registry.npmjs.org/@fluentui/react-window-provider/-/react-window-provider-2.2.9.tgz",
      "integrity": "sha512-BRa23ITjwUgewS9ynzCnW2bJIgaNHwhPUY0htLKcYSSv3fG7iib91B6FVC7QqmXDBTia00kqVul1TZz5G0qrlQ==",
      "requires": {
        "@fluentui/set-version": "^8.2.6",
        "tslib": "^2.1.0"
      }
    },
    "@fluentui/set-version": {
      "version": "8.2.6",
      "resolved": "https://registry.npmjs.org/@fluentui/set-version/-/set-version-8.2.6.tgz",
      "integrity": "sha512-zXIfscQ1ZAiEpHc5taMrDEtTP2NtPBGlz2HbOpZiQ3aj/xcnUT7nT73ctb+Q2bHIqlDCHEaFRQxy/HG6koGYAA==",
      "requires": {
        "tslib": "^2.1.0"
      }
    },
    "@fluentui/style-utilities": {
      "version": "8.9.6",
      "resolved": "https://registry.npmjs.org/@fluentui/style-utilities/-/style-utilities-8.9.6.tgz",
      "integrity": "sha512-glhexQzJNnLws66Tb7a0WPStYVE1tRy0QWwbtOdIRXsd/3CA1FZse76itss8/yqGakPin2PElkej/jTKpaRWew==",
      "requires": {
        "@fluentui/merge-styles": "^8.5.7",
        "@fluentui/set-version": "^8.2.6",
        "@fluentui/theme": "^2.6.25",
        "@fluentui/utilities": "^8.13.9",
        "@microsoft/load-themed-styles": "^1.10.26",
        "tslib": "^2.1.0"
      }
    },
    "@fluentui/theme": {
      "version": "2.6.25",
      "resolved": "https://registry.npmjs.org/@fluentui/theme/-/theme-2.6.25.tgz",
      "integrity": "sha512-slp+Tk+FEDj6HtZNWzckEMPLZMYfe2bECz4hLj/aq2ok51f2ztVTM8rjjmiJjOAidcTirF/gdYVbayc/5MOKag==",
      "requires": {
        "@fluentui/merge-styles": "^8.5.7",
        "@fluentui/set-version": "^8.2.6",
        "@fluentui/utilities": "^8.13.9",
        "tslib": "^2.1.0"
      }
    },
    "@fluentui/utilities": {
      "version": "8.13.9",
      "resolved": "https://registry.npmjs.org/@fluentui/utilities/-/utilities-8.13.9.tgz",
      "integrity": "sha512-8SkDFN+v3FZ2DNQtnRHnUxkY2tVQo6ojHVPWsR5WAbfKDAdlDUWxf5bM+U/8d4E4v49x4HpKY1fqsrx3hLAhyA==",
      "requires": {
        "@fluentui/dom-utilities": "^2.2.6",
        "@fluentui/merge-styles": "^8.5.7",
        "@fluentui/set-version": "^8.2.6",
        "tslib": "^2.1.0"
      }
    },
    "@microsoft/load-themed-styles": {
      "version": "1.10.295",
      "resolved": "https://registry.npmjs.org/@microsoft/load-themed-styles/-/load-themed-styles-1.10.295.tgz",
      "integrity": "sha512-W+IzEBw8a6LOOfRJM02dTT7BDZijxm+Z7lhtOAz1+y9vQm1Kdz9jlAO+qCEKsfxtUOmKilW8DIRqFw2aUgKeGg=="
    },
    "@swc/helpers": {
      "version": "0.4.14",
      "resolved": "https://registry.npmjs.org/@swc/helpers/-/helpers-0.4.14.tgz",
      "integrity": "sha512-4C7nX/dvpzB7za4Ql9K81xK3HPxCpHMgwTZVyf+9JQ6VUbn9jjZVN7/Nkdz/Ugzs2CSjqnL/UPXroiVBVHUWUw==",
      "requires": {
        "tslib": "^2.4.0"
      }
    },
    "@types/prop-types": {
      "version": "15.7.5",
      "resolved": "https://registry.npmjs.org/@types/prop-types/-/prop-types-15.7.5.tgz",
      "integrity": "sha512-JCB8C6SnDoQf0cNycqd/35A7MjcnK+ZTqE7judS6o7utxUCg6imJg3QK2qzHKszlTjcj2cn+NwMB2i96ubpj7w==",
      "peer": true
    },
    "@types/react": {
      "version": "18.0.31",
      "resolved": "https://registry.npmjs.org/@types/react/-/react-18.0.31.tgz",
      "integrity": "sha512-EEG67of7DsvRDU6BLLI0p+k1GojDLz9+lZsnCpCRTa/lOokvyPBvp8S5x+A24hME3yyQuIipcP70KJ6H7Qupww==",
      "peer": true,
      "requires": {
        "@types/prop-types": "*",
        "@types/scheduler": "*",
        "csstype": "^3.0.2"
      }
    },
    "@types/react-dom": {
      "version": "18.0.11",
      "resolved": "https://registry.npmjs.org/@types/react-dom/-/react-dom-18.0.11.tgz",
      "integrity": "sha512-O38bPbI2CWtgw/OoQoY+BRelw7uysmXbWvw3nLWO21H1HSh+GOlqPuXshJfjmpNlKiiSDG9cc1JZAaMmVdcTlw==",
      "peer": true,
      "requires": {
        "@types/react": "*"
      }
    },
    "@types/scheduler": {
      "version": "0.16.3",
      "resolved": "https://registry.npmjs.org/@types/scheduler/-/scheduler-0.16.3.tgz",
      "integrity": "sha512-5cJ8CB4yAx7BH1oMvdU0Jh9lrEXyPkar6F9G/ERswkCuvP4KQZfZkSjcMbAICCpQTN4OuZn8tz0HiKv9TGZgrQ==",
      "peer": true
    },
    "csstype": {
      "version": "3.1.1",
      "resolved": "https://registry.npmjs.org/csstype/-/csstype-3.1.1.tgz",
      "integrity": "sha512-DJR/VvkAvSZW9bTouZue2sSxDwdTN92uHjqeKVm+0dAqdfNykRzQ95tay8aXMBAAPpUiq4Qcug2L7neoRh2Egw==",
      "peer": true
    },
    "js-tokens": {
      "version": "4.0.0",
      "resolved": "https://registry.npmjs.org/js-tokens/-/js-tokens-4.0.0.tgz",
      "integrity": "sha512-RdJUflcE3cUzKiMqQgsCu06FPu9UdIJO0beYbPhHN4k6apgJtifcoCtT9bcxOpYBtpD2kCM6Sbzg4CausW/PKQ==",
      "peer": true
    },
    "loose-envify": {
      "version": "1.4.0",
      "resolved": "https://registry.npmjs.org/loose-envify/-/loose-envify-1.4.0.tgz",
      "integrity": "sha512-lyuxPGr/Wfhrlem2CL/UcnUc1zcqKAImBDzukY7Y5F/yQiNdko6+fRLevlw1HgMySw7f611UIY408EtxRSoK3Q==",
      "peer": true,
      "requires": {
        "js-tokens": "^3.0.0 || ^4.0.0"
      }
    },
    "react": {
      "version": "18.2.0",
      "resolved": "https://registry.npmjs.org/react/-/react-18.2.0.tgz",
      "integrity": "sha512-/3IjMdb2L9QbBdWiW5e3P2/npwMBaU9mHCSCUzNln0ZCYbcfTsGbTJrU/kGemdH2IWmB2ioZ+zkxtmq6g09fGQ==",
      "peer": true,
      "requires": {
        "loose-envify": "^1.1.0"
      }
    },
    "react-dom": {
      "version": "18.2.0",
      "resolved": "https://registry.npmjs.org/react-dom/-/react-dom-18.2.0.tgz",
      "integrity": "sha512-6IMTriUmvsjHUjNtEDudZfuDQUoWXVxKHhlEGSk81n4YFS+r/Kl99wXiwlVXtPBtJenozv2P+hxDsw9eA7Xo6g==",
      "peer": true,
      "requires": {
        "loose-envify": "^1.1.0",
        "scheduler": "^0.23.0"
      }
    },
    "scheduler": {
      "version": "0.23.0",
      "resolved": "https://registry.npmjs.org/scheduler/-/scheduler-0.23.0.tgz",
      "integrity": "sha512-CtuThmgHNg7zIZWAXi3AsyIzA3n4xx7aNyjwC2VJldO2LMVDhFK+63xGqq6CsJH4rTAt6/M+N4GhZiDYPx9eUw==",
      "peer": true,
      "requires": {
        "loose-envify": "^1.1.0"
      }
    },
    "tslib": {
      "version": "2.5.0",
      "resolved": "https://registry.npmjs.org/tslib/-/tslib-2.5.0.tgz",
      "integrity": "sha512-336iVw3rtn2BUK7ORdIAHTyxHGRIHVReokCR3XjbckJMK7ms8FysBfhLR8IXnAgy7T0PTPNBWKiH514FOW/WSg=="
    }
  }
}
